
Microsoft Visual Studio Solution File, Format Version 12.00
# Visual Studio 15
VisualStudioVersion = 15.0.28307.421
MinimumVisualStudioVersion = 10.0.40219.1
Project("{9A19103F-16F7-4668-BE54-9A1E7A4F7556}") = "ComicStore", "ComicStore\ComicStore.csproj", "{DBEBADC6-28A3-4342-96C8-17A14815B373}"
EndProject
Project("{FAE04EC0-301F-11D3-BF4B-00C04F79EFBC}") = "ComicStore.Library", "ComicStore.Library\ComicStore.Library.csproj", "{D671B3AE-5A53-4E1A-B9B9-C68A30179F5D}"
EndProject
Global
	GlobalSection(SolutionConfigurationPlatforms) = preSolution
		Debug|Any CPU = Debug|Any CPU
		Release|Any CPU = Release|Any CPU
	EndGlobalSection
	GlobalSection(ProjectConfigurationPlatforms) = postSolution
		{DBEBADC6-28A3-4342-96C8-17A14815B373}.Debug|Any CPU.ActiveCfg = Debug|Any CPU
		{DBEBADC6-28A3-4342-96C8-17A14815B373}.Debug|Any CPU.Build.0 = Debug|Any CPU
		{DBEBADC6-28A3-4342-96C8-17A14815B373}.Release|Any CPU.ActiveCfg = Release|Any CPU
		{DBEBADC6-28A3-4342-96C8-17A14815B373}.Release|Any CPU.Build.0 = Release|Any CPU
		{D671B3AE-5A53-4E1A-B9B9-C68A30179F5D}.Debug|Any CPU.ActiveCfg = Debug|Any CPU
		{D671B3AE-5A53-4E1A-B9B9-C68A30179F5D}.Debug|Any CPU.Build.0 = Debug|Any CPU
		{D671B3AE-5A53-4E1A-B9B9-C68A30179F5D}.Release|Any CPU.ActiveCfg = Release|Any CPU
		{D671B3AE-5A53-4E1A-B9B9-C68A30179F5D}.Release|Any CPU.Build.0 = Release|Any CPU
	EndGlobalSection
	GlobalSection(SolutionProperties) = preSolution
		HideSolutionNode = FALSE
	EndGlobalSection
	GlobalSection(ExtensibilityGlobals) = postSolution
		SolutionGuid = {089915F0-CC70-42D3-BADA-628EB3C80F6B}
	EndGlobalSection
EndGlobal
